
Microsoft Visual Studio Solution File, Format Version 12.00
# Visual Studio Version 17
VisualStudioVersion = 17.11.35222.181
MinimumVisualStudioVersion = 10.0.40219.1
Project("{FAE04EC0-301F-11D3-BF4B-00C04F79EFBC}") = "phoneword", "phoneword\phoneword.csproj", "{A58749B1-D1DA-4A0C-958D-757E6CBA90EC}"
EndProject
Global
	GlobalSection(SolutionConfigurationPlatforms) = preSolution
		Debug|Any CPU = Debug|Any CPU
		Release|Any CPU = Release|Any CPU
	EndGlobalSection
	GlobalSection(ProjectConfigurationPlatforms) = postSolution
		{A58749B1-D1DA-4A0C-958D-757E6CBA90EC}.Debug|Any CPU.ActiveCfg = Debug|Any CPU
		{A58749B1-D1DA-4A0C-958D-757E6CBA90EC}.Debug|Any CPU.Build.0 = Debug|Any CPU
		{A58749B1-D1DA-4A0C-958D-757E6CBA90EC}.Debug|Any CPU.Deploy.0 = Debug|Any CPU
		{A58749B1-D1DA-4A0C-958D-757E6CBA90EC}.Release|Any CPU.ActiveCfg = Release|Any CPU
		{A58749B1-D1DA-4A0C-958D-757E6CBA90EC}.Release|Any CPU.Build.0 = Release|Any CPU
		{A58749B1-D1DA-4A0C-958D-757E6CBA90EC}.Release|Any CPU.Deploy.0 = Release|Any CPU
	EndGlobalSection
	GlobalSection(SolutionProperties) = preSolution
		HideSolutionNode = FALSE
	EndGlobalSection
	GlobalSection(ExtensibilityGlobals) = postSolution
		SolutionGuid = {F707A9A5-698B-44AF-8220-AB8E869674F4}
	EndGlobalSection
EndGlobal
